
Microsoft Visual Studio Solution File, Format Version 12.00
# Visual Studio Version 16
VisualStudioVersion = 16.0.31702.278
MinimumVisualStudioVersion = 10.0.40219.1
Project("{FAE04EC0-301F-11D3-BF4B-00C04F79EFBC}") = "SudokuPuzzle", "SudokuPuzzle\SudokuPuzzle.csproj", "{5F2CE6BE-7C81-475F-A54A-3C76690B1214}"
EndProject
Global
	GlobalSection(SolutionConfigurationPlatforms) = preSolution
		Debug|Any CPU = Debug|Any CPU
		Release|Any CPU = Release|Any CPU
	EndGlobalSection
	GlobalSection(ProjectConfigurationPlatforms) = postSolution
		{5F2CE6BE-7C81-475F-A54A-3C76690B1214}.Debug|Any CPU.ActiveCfg = Debug|Any CPU
		{5F2CE6BE-7C81-475F-A54A-3C76690B1214}.Debug|Any CPU.Build.0 = Debug|Any CPU
		{5F2CE6BE-7C81-475F-A54A-3C76690B1214}.Release|Any CPU.ActiveCfg = Release|Any CPU
		{5F2CE6BE-7C81-475F-A54A-3C76690B1214}.Release|Any CPU.Build.0 = Release|Any CPU
	EndGlobalSection
	GlobalSection(SolutionProperties) = preSolution
		HideSolutionNode = FALSE
	EndGlobalSection
	GlobalSection(ExtensibilityGlobals) = postSolution
		SolutionGuid = {1DDFBB5A-244E-490D-996A-77818010E865}
	EndGlobalSection
EndGlobal
